// !$*UTF8*$!
{
	archiveVersion = 1;
	classes = {
	};
	objectVersion = 50;
	objects = {

/* Begin PBXBuildFile section */
		58C898CF2118A237009FDB77 /* AppDelegate.swift in Sources */ = {isa = PBXBuildFile; fileRef = 58C898CE2118A237009FDB77 /* AppDelegate.swift */; };
		58C898D12118A237009FDB77 /* ViewController.swift in Sources */ = {isa = PBXBuildFile; fileRef = 58C898D02118A237009FDB77 /* ViewController.swift */; };
		58C898D42118A237009FDB77 /* Main.storyboard in Resources */ = {isa = PBXBuildFile; fileRef = 58C898D22118A237009FDB77 /* Main.storyboard */; };
		58C898D62118A238009FDB77 /* Assets.xcassets in Resources */ = {isa = PBXBuildFile; fileRef = 58C898D52118A238009FDB77 /* Assets.xcassets */; };
		58C898D92118A238009FDB77 /* LaunchScreen.storyboard in Resources */ = {isa = PBXBuildFile; fileRef = 58C898D72118A238009FDB77 /* LaunchScreen.storyboard */; };
		58C898E12118BC39009FDB77 /* ChangeGeneratorController.swift in Sources */ = {isa = PBXBuildFile; fileRef = 58C898E02118BC39009FDB77 /* ChangeGeneratorController.swift */; };
		58C898E32118C596009FDB77 /* CoinCell.swift in Sources */ = {isa = PBXBuildFile; fileRef = 58C898E22118C596009FDB77 /* CoinCell.swift */; };
/* End PBXBuildFile section */

/* Begin PBXFileReference section */
		58C898CB2118A237009FDB77 /* ChangeGenerator.app */ = {isa = PBXFileReference; explicitFileType = wrapper.application; includeInIndex = 0; path = ChangeGenerator.app; sourceTree = BUILT_PRODUCTS_DIR; };
		58C898CE2118A237009FDB77 /* AppDelegate.swift */ = {isa = PBXFileReference; lastKnownFileType = sourcecode.swift; path = AppDelegate.swift; sourceTree = "<group>"; };
		58C898D02118A237009FDB77 /* ViewController.swift */ = {isa = PBXFileReference; lastKnownFileType = sourcecode.swift; path = ViewController.swift; sourceTree = "<group>"; };
		58C898D32118A237009FDB77 /* Base */ = {isa = PBXFileReference; lastKnownFileType = file.storyboard; name = Base; path = Base.lproj/Main.storyboard; sourceTree = "<group>"; };
		58C898D52118A238009FDB77 /* Assets.xcassets */ = {isa = PBXFileReference; lastKnownFileType = folder.assetcatalog; path = Assets.xcassets; sourceTree = "<group>"; };
		58C898D82118A238009FDB77 /* Base */ = {isa = PBXFileReference; lastKnownFileType = file.storyboard; name = Base; path = Base.lproj/LaunchScreen.storyboard; sourceTree = "<group>"; };
		58C898DA2118A238009FDB77 /* Info.plist */ = {isa = PBXFileReference; lastKnownFileType = text.plist.xml; path = Info.plist; sourceTree = "<group>"; };
		58C898E02118BC39009FDB77 /* ChangeGeneratorController.swift */ = {isa = PBXFileReference; lastKnownFileType = sourcecode.swift; path = ChangeGeneratorController.swift; sourceTree = "<group>"; };
		58C898E22118C596009FDB77 /* CoinCell.swift */ = {isa = PBXFileReference; lastKnownFileType = sourcecode.swift; path = CoinCell.swift; sourceTree = "<group>"; };
/* End PBXFileReference section */

/* Begin PBXFrameworksBuildPhase section */
		58C898C82118A237009FDB77 /* Frameworks */ = {
			isa = PBXFrameworksBuildPhase;
			buildActionMask = 2147483647;
			files = (
			);
			runOnlyForDeploymentPostprocessing = 0;
		};
/* End PBXFrameworksBuildPhase section */

/* Begin PBXGroup section */
		58C898C22118A237009FDB77 = {
			isa = PBXGroup;
			children = (
				58C898CD2118A237009FDB77 /* ChangeGenerator */,
				58C898CC2118A237009FDB77 /* Products */,
			);
			sourceTree = "<group>";
		};
		58C898CC2118A237009FDB77 /* Products */ = {
			isa = PBXGroup;
			children = (
				58C898CB2118A237009FDB77 /* ChangeGenerator.app */,
			);
			name = Products;
			sourceTree = "<group>";
		};
		58C898CD2118A237009FDB77 /* ChangeGenerator */ = {
			isa = PBXGroup;
			children = (
				58C898CE2118A237009FDB77 /* AppDelegate.swift */,
				58C898D02118A237009FDB77 /* ViewController.swift */,
				58C898D22118A237009FDB77 /* Main.storyboard */,
				58C898E02118BC39009FDB77 /* ChangeGeneratorController.swift */,
				58C898E22118C596009FDB77 /* CoinCell.swift */,
				58C898D52118A238009FDB77 /* Assets.xcassets */,
				58C898D72118A238009FDB77 /* LaunchScreen.storyboard */,
				58C898DA2118A238009FDB77 /* Info.plist */,
			);
			path = ChangeGenerator;
			sourceTree = "<group>";
		};
/* End PBXGroup section */

/* Begin PBXNativeTarget section */
		58C898CA2118A237009FDB77 /* ChangeGenerator */ = {
			isa = PBXNativeTarget;
			buildConfigurationList = 58C898DD2118A238009FDB77 /* Build configuration list for PBXNativeTarget "ChangeGenerator" */;
			buildPhases = (
				58C898C72118A237009FDB77 /* Sources */,
				58C898C82118A237009FDB77 /* Frameworks */,
				58C898C92118A237009FDB77 /* Resources */,
			);
			buildRules = (
			);
			dependencies = (
			);
			name = ChangeGenerator;
			productName = ChangeGenerator;
			productReference = 58C898CB2118A237009FDB77 /* ChangeGenerator.app */;
			productType = "com.apple.product-type.application";
		};
/* End PBXNativeTarget section */

/* Begin PBXProject section */
		58C898C32118A237009FDB77 /* Project object */ = {
			isa = PBXProject;
			attributes = {
				LastSwiftUpdateCheck = 0940;
				LastUpgradeCheck = 0940;
				ORGANIZATIONNAME = "Sam Dindyal";
				TargetAttributes = {
					58C898CA2118A237009FDB77 = {
						CreatedOnToolsVersion = 9.4.1;
					};
				};
			};
			buildConfigurationList = 58C898C62118A237009FDB77 /* Build configuration list for PBXProject "ChangeGenerator" */;
			compatibilityVersion = "Xcode 9.3";
			developmentRegion = en;
			hasScannedForEncodings = 0;
			knownRegions = (
				en,
				Base,
			);
			mainGroup = 58C898C22118A237009FDB77;
			productRefGroup = 58C898CC2118A237009FDB77 /* Products */;
			projectDirPath = "";
			projectRoot = "";
			targets = (
				58C898CA2118A237009FDB77 /* ChangeGenerator */,
			);
		};
/* End PBXProject section */

/* Begin PBXResourcesBuildPhase section */
		58C898C92118A237009FDB77 /* Resources */ = {
			isa = PBXResourcesBuildPhase;
			buildActionMask = 2147483647;
			files = (
				58C898D92118A238009FDB77 /* LaunchScreen.storyboard in Resources */,
				58C898D62118A238009FDB77 /* Assets.xcassets in Resources */,
				58C898D42118A237009FDB77 /* Main.storyboard in Resources */,
			);
			runOnlyForDeploymentPostprocessing = 0;
		};
/* End PBXResourcesBuildPhase section */

/* Begin PBXSourcesBuildPhase section */
		58C898C72118A237009FDB77 /* Sources */ = {
			isa = PBXSourcesBuildPhase;
			buildActionMask = 2147483647;
			files = (
				58C898D12118A237009FDB77 /* ViewController.swift in Sources */,
				58C898E12118BC39009FDB77 /* ChangeGeneratorController.swift in Sources */,
				58C898E32118C596009FDB77 /* CoinCell.swift in Sources */,
				58C898CF2118A237009FDB77 /* AppDelegate.swift in Sources */,
			);
			runOnlyForDeploymentPostprocessing = 0;
		};
/* End PBXSourcesBuildPhase section */

/* Begin PBXVariantGroup section */
		58C898D22118A237009FDB77 /* Main.storyboard */ = {
			isa = PBXVariantGroup;
			children = (
				58C898D32118A237009FDB77 /* Base */,
			);
			name = Main.storyboard;
			sourceTree = "<group>";
		};
		58C898D72118A238009FDB77 /* LaunchScreen.storyboard */ = {
			isa = PBXVariantGroup;
			children = (
				58C898D82118A238009FDB77 /* Base */,
			);
			name = LaunchScreen.storyboard;
			sourceTree = "<group>";
		};
/* End PBXVariantGroup section */

/* Begin XCBuildConfiguration section */
		58C898DB2118A238009FDB77 /* Debug */ = {
			isa = XCBuildConfiguration;
			buildSettings = {
				ALWAYS_SEARCH_USER_PATHS = NO;
				CLANG_ANALYZER_NONNULL = YES;
				CLANG_ANALYZER_NUMBER_OBJECT_CONVERSION = YES_AGGRESSIVE;
				CLANG_CXX_LANGUAGE_STANDARD = "gnu++14";
				CLANG_CXX_LIBRARY = "libc++";
				CLANG_ENABLE_MODULES = YES;
				CLANG_ENABLE_OBJC_ARC = YES;
				CLANG_ENABLE_OBJC_WEAK = YES;
				CLANG_WARN_BLOCK_CAPTURE_AUTORELEASING = YES;
				CLANG_WARN_BOOL_CONVERSION = YES;
				CLANG_WARN_COMMA = YES;
				CLANG_WARN_CONSTANT_CONVERSION = YES;
				CLANG_WARN_DEPRECATED_OBJC_IMPLEMENTATIONS = YES;
				CLANG_WARN_DIRECT_OBJC_ISA_USAGE = YES_ERROR;
				CLANG_WARN_DOCUMENTATION_COMMENTS = YES;
				CLANG_WARN_EMPTY_BODY = YES;
				CLANG_WARN_ENUM_CONVERSION = YES;
				CLANG_WARN_INFINITE_RECURSION = YES;
				CLANG_WARN_INT_CONVERSION = YES;
				CLANG_WARN_NON_LITERAL_NULL_CONVERSION = YES;
				CLANG_WARN_OBJC_IMPLICIT_RETAIN_SELF = YES;
				CLANG_WARN_OBJC_LITERAL_CONVERSION = YES;
				CLANG_WARN_OBJC_ROOT_CLASS = YES_ERROR;
				CLANG_WARN_RANGE_LOOP_ANALYSIS = YES;
				CLANG_WARN_STRICT_PROTOTYPES = YES;
				CLANG_WARN_SUSPICIOUS_MOVE = YES;
				CLANG_WARN_UNGUARDED_AVAILABILITY = YES_AGGRESSIVE;
				CLANG_WARN_UNREACHABLE_CODE = YES;
				CLANG_WARN__DUPLICATE_METHOD_MATCH = YES;
				CODE_SIGN_IDENTITY = "iPhone Developer";
				COPY_PHASE_STRIP = NO;
				DEBUG_INFORMATION_FORMAT = dwarf;
				ENABLE_STRICT_OBJC_MSGSEND = YES;
				ENABLE_TESTABILITY = YES;
				GCC_C_LANGUAGE_STANDARD = gnu11;
				GCC_DYNAMIC_NO_PIC = NO;
				GCC_NO_COMMON_BLOCKS = YES;
				GCC_OPTIMIZATION_LEVEL = 0;
				GCC_PREPROCESSOR_DEFINITIONS = (
					"DEBUG=1",
					"$(inherited)",
				);
				GCC_WARN_64_TO_32_BIT_CONVERSION = YES;
				GCC_WARN_ABOUT_RETURN_TYPE = YES_ERROR;
				GCC_WARN_UNDECLARED_SELECTOR = YES;
				GCC_WARN_UNINITIALIZED_AUTOS = YES_AGGRESSIVE;
				GCC_WARN_UNUSED_FUNCTION = YES;
				GCC_WARN_UNUSED_VARIABLE = YES;
				IPHONEOS_DEPLOYMENT_TARGET = 11.4;
				MTL_ENABLE_DEBUG_INFO = YES;
				ONLY_ACTIVE_ARCH = YES;
				SDKROOT = iphoneos;
				SWIFT_ACTIVE_COMPILATION_CONDITIONS = DEBUG;
				SWIFT_OPTIMIZATION_LEVEL = "-Onone";
			};
			name = Debug;
		};
		58C898DC2118A238009FDB77 /* Release */ = {
			isa = XCBuildConfiguration;
			buildSettings = {
				ALWAYS_SEARCH_USER_PATHS = NO;
				CLANG_ANALYZER_NONNULL = YES;
				CLANG_ANALYZER_NUMBER_OBJECT_CONVERSION = YES_AGGRESSIVE;
				CLANG_CXX_LANGUAGE_STANDARD = "gnu++14";
				CLANG_CXX_LIBRARY = "libc++";
				CLANG_ENABLE_MODULES = YES;
				CLANG_ENABLE_OBJC_ARC = YES;
				CLANG_ENABLE_OBJC_WEAK = YES;
				CLANG_WARN_BLOCK_CAPTURE_AUTORELEASING = YES;
				CLANG_WARN_BOOL_CONVERSION = YES;
				CLANG_WARN_COMMA = YES;
				CLANG_WARN_CONSTANT_CONVERSION = YES;
				CLANG_WARN_DEPRECATED_OBJC_IMPLEMENTATIONS = YES;
				CLANG_WARN_DIRECT_OBJC_ISA_USAGE = YES_ERROR;
				CLANG_WARN_DOCUMENTATION_COMMENTS = YES;
				CLANG_WARN_EMPTY_BODY = YES;
				CLANG_WARN_ENUM_CONVERSION = YES;
				CLANG_WARN_INFINITE_RECURSION = YES;
				CLANG_WARN_INT_CONVERSION = YES;
				CLANG_WARN_NON_LITERAL_NULL_CONVERSION = YES;
				CLANG_WARN_OBJC_IMPLICIT_RETAIN_SELF = YES;
				CLANG_WARN_OBJC_LITERAL_CONVERSION = YES;
				CLANG_WARN_OBJC_ROOT_CLASS = YES_ERROR;
				CLANG_WARN_RANGE_LOOP_ANALYSIS = YES;
				CLANG_WARN_STRICT_PROTOTYPES = YES;
				CLANG_WARN_SUSPICIOUS_MOVE = YES;
				CLANG_WARN_UNGUARDED_AVAILABILITY = YES_AGGRESSIVE;
				CLANG_WARN_UNREACHABLE_CODE = YES;
				CLANG_WARN__DUPLICATE_METHOD_MATCH = YES;
				CODE_SIGN_IDENTITY = "iPhone Developer";
				COPY_PHASE_STRIP = NO;
				DEBUG_INFORMATION_FORMAT = "dwarf-with-dsym";
				ENABLE_NS_ASSERTIONS = NO;
				ENABLE_STRICT_OBJC_MSGSEND = YES;
				GCC_C_LANGUAGE_STANDARD = gnu11;
				GCC_NO_COMMON_BLOCKS = YES;
				GCC_WARN_64_TO_32_BIT_CONVERSION = YES;
				GCC_WARN_ABOUT_RETURN_TYPE = YES_ERROR;
				GCC_WARN_UNDECLARED_SELECTOR = YES;
				GCC_WARN_UNINITIALIZED_AUTOS = YES_AGGRESSIVE;
				GCC_WARN_UNUSED_FUNCTION = YES;
				GCC_WARN_UNUSED_VARIABLE = YES;
				IPHONEOS_DEPLOYMENT_TARGET = 11.4;
				MTL_ENABLE_DEBUG_INFO = NO;
				SDKROOT = iphoneos;
				SWIFT_COMPILATION_MODE = wholemodule;
				SWIFT_OPTIMIZATION_LEVEL = "-O";
				VALIDATE_PRODUCT = YES;
			};
			name = Release;
		};
		58C898DE2118A238009FDB77 /* Debug */ = {
			isa = XCBuildConfiguration;
			buildSettings = {
				ASSETCATALOG_COMPILER_APPICON_NAME = AppIcon;
				CODE_SIGN_STYLE = Automatic;
				DEVELOPMENT_TEAM = 4T4R2ZX7AH;
				INFOPLIST_FILE = ChangeGenerator/Info.plist;
				LD_RUNPATH_SEARCH_PATHS = (
					"$(inherited)",
					"@executable_path/Frameworks",
				);
				PRODUCT_BUNDLE_IDENTIFIER = com.samdindyal.ChangeGenerator;
				PRODUCT_NAME = "$(TARGET_NAME)";
				SWIFT_VERSION = 4.0;
				TARGETED_DEVICE_FAMILY = "1,2";
			};
			name = Debug;
		};
		58C898DF2118A238009FDB77 /* Release */ = {
			isa = XCBuildConfiguration;
			buildSettings = {
				ASSETCATALOG_COMPILER_APPICON_NAME = AppIcon;
				CODE_SIGN_STYLE = Automatic;
				DEVELOPMENT_TEAM = 4T4R2ZX7AH;
				INFOPLIST_FILE = ChangeGenerator/Info.plist;
				LD_RUNPATH_SEARCH_PATHS = (
					"$(inherited)",
					"@executable_path/Frameworks",
				);
				PRODUCT_BUNDLE_IDENTIFIER = com.samdindyal.ChangeGenerator;
				PRODUCT_NAME = "$(TARGET_NAME)";
				SWIFT_VERSION = 4.0;
				TARGETED_DEVICE_FAMILY = "1,2";
			};
			name = Release;
		};
/* End XCBuildConfiguration section */

/* Begin XCConfigurationList section */
		58C898C62118A237009FDB77 /* Build configuration list for PBXProject "ChangeGenerator" */ = {
			isa = XCConfigurationList;
			buildConfigurations = (
				58C898DB2118A238009FDB77 /* Debug */,
				58C898DC2118A238009FDB77 /* Release */,
			);
			defaultConfigurationIsVisible = 0;
			defaultConfigurationName = Release;
		};
		58C898DD2118A238009FDB77 /* Build configuration list for PBXNativeTarget "ChangeGenerator" */ = {
			isa = XCConfigurationList;
			buildConfigurations = (
				58C898DE2118A238009FDB77 /* Debug */,
				58C898DF2118A238009FDB77 /* Release */,
			);
			defaultConfigurationIsVisible = 0;
			defaultConfigurationName = Release;
		};
/* End XCConfigurationList section */
	};
	rootObject = 58C898C32118A237009FDB77 /* Project object */;
}
